
Microsoft Visual Studio Solution File, Format Version 12.00
# Visual Studio Version 17
VisualStudioVersion = 17.10.35004.147
MinimumVisualStudioVersion = 10.0.40219.1
Project("{9A19103F-16F7-4668-BE54-9A1E7A4F7556}") = "BHEL-Project-1", "BHEL-Project-1\BHEL-Project-1.csproj", "{BD71CF66-40CF-4BFC-AE46-755CFED3198F}"
EndProject
Project("{FAE04EC0-301F-11D3-BF4B-00C04F79EFBC}") = "BHEL-Project-2", "BHEL-Project-2\BHEL-Project-2.csproj", "{FE4E8D02-159A-4160-9150-65235123547D}"
EndProject
Global
	GlobalSection(SolutionConfigurationPlatforms) = preSolution
		Debug|Any CPU = Debug|Any CPU
		Release|Any CPU = Release|Any CPU
	EndGlobalSection
	GlobalSection(ProjectConfigurationPlatforms) = postSolution
		{BD71CF66-40CF-4BFC-AE46-755CFED3198F}.Debug|Any CPU.ActiveCfg = Debug|Any CPU
		{BD71CF66-40CF-4BFC-AE46-755CFED3198F}.Debug|Any CPU.Build.0 = Debug|Any CPU
		{BD71CF66-40CF-4BFC-AE46-755CFED3198F}.Release|Any CPU.ActiveCfg = Release|Any CPU
		{BD71CF66-40CF-4BFC-AE46-755CFED3198F}.Release|Any CPU.Build.0 = Release|Any CPU
		{FE4E8D02-159A-4160-9150-65235123547D}.Debug|Any CPU.ActiveCfg = Debug|Any CPU
		{FE4E8D02-159A-4160-9150-65235123547D}.Debug|Any CPU.Build.0 = Debug|Any CPU
		{FE4E8D02-159A-4160-9150-65235123547D}.Release|Any CPU.ActiveCfg = Release|Any CPU
		{FE4E8D02-159A-4160-9150-65235123547D}.Release|Any CPU.Build.0 = Release|Any CPU
	EndGlobalSection
	GlobalSection(SolutionProperties) = preSolution
		HideSolutionNode = FALSE
	EndGlobalSection
	GlobalSection(ExtensibilityGlobals) = postSolution
		SolutionGuid = {1692942A-43BA-4481-A441-ADD50CEFA2CB}
	EndGlobalSection
EndGlobal
